
Microsoft Visual Studio Solution File, Format Version 12.00
# Visual Studio 15
VisualStudioVersion = 15.0.26403.3
MinimumVisualStudioVersion = 10.0.40219.1
Project("{FAE04EC0-301F-11D3-BF4B-00C04F79EFBC}") = "OneScript-Collections", "OneScript-Collections\OneScript-Collections.csproj", "{1A19880D-AC7E-4628-A838-F7CF47823C04}"
EndProject
Project("{FAE04EC0-301F-11D3-BF4B-00C04F79EFBC}") = "test-dll", "test-dll\test-dll.csproj", "{5F5F50EF-CB94-4516-B348-7FA65667FA03}"
EndProject
Global
	GlobalSection(SolutionConfigurationPlatforms) = preSolution
		Debug|Any CPU = Debug|Any CPU
		Release|Any CPU = Release|Any CPU
	EndGlobalSection
	GlobalSection(ProjectConfigurationPlatforms) = postSolution
		{1A19880D-AC7E-4628-A838-F7CF47823C04}.Debug|Any CPU.ActiveCfg = Debug|Any CPU
		{1A19880D-AC7E-4628-A838-F7CF47823C04}.Debug|Any CPU.Build.0 = Debug|Any CPU
		{1A19880D-AC7E-4628-A838-F7CF47823C04}.Release|Any CPU.ActiveCfg = Release|Any CPU
		{1A19880D-AC7E-4628-A838-F7CF47823C04}.Release|Any CPU.Build.0 = Release|Any CPU
		{5F5F50EF-CB94-4516-B348-7FA65667FA03}.Debug|Any CPU.ActiveCfg = Debug|Any CPU
		{5F5F50EF-CB94-4516-B348-7FA65667FA03}.Debug|Any CPU.Build.0 = Debug|Any CPU
		{5F5F50EF-CB94-4516-B348-7FA65667FA03}.Release|Any CPU.ActiveCfg = Release|Any CPU
		{5F5F50EF-CB94-4516-B348-7FA65667FA03}.Release|Any CPU.Build.0 = Release|Any CPU
	EndGlobalSection
	GlobalSection(SolutionProperties) = preSolution
		HideSolutionNode = FALSE
	EndGlobalSection
EndGlobal
